
Microsoft Visual Studio Solution File, Format Version 12.00
# Visual Studio Version 17
VisualStudioVersion = 17.10.35027.167
MinimumVisualStudioVersion = 10.0.40219.1
Project("{FAE04EC0-301F-11D3-BF4B-00C04F79EFBC}") = "frequencyCalculator", "frequencyCalculator.csproj", "{15002D3F-16F4-49F4-8298-3BCB1CDAE0BC}"
EndProject
Global
	GlobalSection(SolutionConfigurationPlatforms) = preSolution
		Debug|Any CPU = Debug|Any CPU
		Release|Any CPU = Release|Any CPU
	EndGlobalSection
	GlobalSection(ProjectConfigurationPlatforms) = postSolution
		{15002D3F-16F4-49F4-8298-3BCB1CDAE0BC}.Debug|Any CPU.ActiveCfg = Debug|Any CPU
		{15002D3F-16F4-49F4-8298-3BCB1CDAE0BC}.Debug|Any CPU.Build.0 = Debug|Any CPU
		{15002D3F-16F4-49F4-8298-3BCB1CDAE0BC}.Release|Any CPU.ActiveCfg = Release|Any CPU
		{15002D3F-16F4-49F4-8298-3BCB1CDAE0BC}.Release|Any CPU.Build.0 = Release|Any CPU
	EndGlobalSection
	GlobalSection(SolutionProperties) = preSolution
		HideSolutionNode = FALSE
	EndGlobalSection
	GlobalSection(ExtensibilityGlobals) = postSolution
		SolutionGuid = {B7048DB2-016C-4F41-A6EE-5D8CCF1AED8D}
	EndGlobalSection
EndGlobal
